{
  "name": "skg17.github.io",
  "lockfileVersion": 3,
  "requires": true,
  "packages": {
    "": {
      "dependencies": {
        "beercss": "^3.12.3",
        "material-dynamic-colors": "^1.1.2"
      }
    },
    "node_modules/@material/material-color-utilities": {
      "version": "0.2.7",
      "resolved": "https://registry.npmjs.org/@material/material-color-utilities/-/material-color-utilities-0.2.7.tgz",
      "integrity": "sha512-0FCeqG6WvK4/Cc06F/xXMd/pv4FeisI0c1tUpBbfhA2n9Y8eZEv4Karjbmf2ZqQCPUWMrGp8A571tCjizxoTiQ==",
      "license": "Apache-2.0"
    },
    "node_modules/beercss": {
      "version": "3.12.3",
      "resolved": "https://registry.npmjs.org/beercss/-/beercss-3.12.3.tgz",
      "integrity": "sha512-t/rO4rbC+48aJe1pI6tMPNyBSLNNbHqmv4f3D8jZV9XBRKu0JVokpku8KeIQNzC1FAzYnW1t7/Yt2kPVjEp0yg==",
      "license": "MIT",
      "dependencies": {
        "material-dynamic-colors": "^1.1.2"
      }
    },
    "node_modules/material-dynamic-colors": {
      "version": "1.1.2",
      "resolved": "https://registry.npmjs.org/material-dynamic-colors/-/material-dynamic-colors-1.1.2.tgz",
      "integrity": "sha512-8KD0jrPTFs2x06UJWbvkg6E0HyzFjrvS5oOc2DsXzIEOqZTbb3ruLMUhNuPSl8WeHA/O/RTAlTLcxqYXJzYwPA==",
      "license": "MIT",
      "dependencies": {
        "@material/material-color-utilities": "^0.2.7"
      },
      "bin": {
        "material-dynamic-colors": "cli.js"
      }
    }
  }
}
